
Microsoft Visual Studio Solution File, Format Version 12.00
# Visual Studio Version 17
VisualStudioVersion = 17.7.34202.233
MinimumVisualStudioVersion = 10.0.40219.1
Project("{FAE04EC0-301F-11D3-BF4B-00C04F79EFBC}") = "TPFINALLAB4MVC", "TPFINALLAB4MVC\TPFINALLAB4MVC.csproj", "{8DECB359-51D1-4672-B31D-3AEB1AAC77F1}"
EndProject
Global
	GlobalSection(SolutionConfigurationPlatforms) = preSolution
		Debug|Any CPU = Debug|Any CPU
		Release|Any CPU = Release|Any CPU
	EndGlobalSection
	GlobalSection(ProjectConfigurationPlatforms) = postSolution
		{8DECB359-51D1-4672-B31D-3AEB1AAC77F1}.Debug|Any CPU.ActiveCfg = Debug|Any CPU
		{8DECB359-51D1-4672-B31D-3AEB1AAC77F1}.Debug|Any CPU.Build.0 = Debug|Any CPU
		{8DECB359-51D1-4672-B31D-3AEB1AAC77F1}.Release|Any CPU.ActiveCfg = Release|Any CPU
		{8DECB359-51D1-4672-B31D-3AEB1AAC77F1}.Release|Any CPU.Build.0 = Release|Any CPU
	EndGlobalSection
	GlobalSection(SolutionProperties) = preSolution
		HideSolutionNode = FALSE
	EndGlobalSection
	GlobalSection(ExtensibilityGlobals) = postSolution
		SolutionGuid = {3DFF27A9-1E54-42BA-B355-97ABFA0981EB}
	EndGlobalSection
EndGlobal
